{
  "name": "lambda-authorizer",
  "version": "1.0.0",
  "lockfileVersion": 1,
  "requires": true,
  "dependencies": {
    "@panva/asn1.js": {
      "version": "1.0.0",
      "resolved": "https://registry.npm.taobao.org/@panva/asn1.js/download/@panva/asn1.js-1.0.0.tgz",
      "integrity": "sha1-3VWue4Ep4CBJ8AlAi5fGHM+QMvY="
    },
    "jose": {
      "version": "1.27.1",
      "resolved": "https://registry.npm.taobao.org/jose/download/jose-1.27.1.tgz",
      "integrity": "sha1-od4uy1s64a4o8NnQzFNjSa2ifsg=",
      "requires": {
        "@panva/asn1.js": "^1.0.0"
      }
    }
  }
}
